
Microsoft Visual Studio Solution File, Format Version 12.00
# Visual Studio Version 17
VisualStudioVersion = 17.5.33530.505
MinimumVisualStudioVersion = 10.0.40219.1
Project("{FAE04EC0-301F-11D3-BF4B-00C04F79EFBC}") = "Movie_Ticket_App", "Movie_Ticket_App\Movie_Ticket_App.csproj", "{FC135FA5-4664-433C-92F8-37CD2679F24D}"
EndProject
Global
	GlobalSection(SolutionConfigurationPlatforms) = preSolution
		Debug|Any CPU = Debug|Any CPU
		Release|Any CPU = Release|Any CPU
	EndGlobalSection
	GlobalSection(ProjectConfigurationPlatforms) = postSolution
		{FC135FA5-4664-433C-92F8-37CD2679F24D}.Debug|Any CPU.ActiveCfg = Debug|Any CPU
		{FC135FA5-4664-433C-92F8-37CD2679F24D}.Debug|Any CPU.Build.0 = Debug|Any CPU
		{FC135FA5-4664-433C-92F8-37CD2679F24D}.Release|Any CPU.ActiveCfg = Release|Any CPU
		{FC135FA5-4664-433C-92F8-37CD2679F24D}.Release|Any CPU.Build.0 = Release|Any CPU
	EndGlobalSection
	GlobalSection(SolutionProperties) = preSolution
		HideSolutionNode = FALSE
	EndGlobalSection
	GlobalSection(ExtensibilityGlobals) = postSolution
		SolutionGuid = {92694D31-DA6E-4F37-A61F-430BE013DD24}
	EndGlobalSection
EndGlobal
